{
  "object": {
    "pins": [
      {
        "package": "OSLogger",
        "repositoryURL": "https://github.com/NPasini/OSLogger.git",
        "state": {
          "branch": null,
          "revision": "2c5bf5b38cae1c3da85eee42d4797ab1ba168b50",
          "version": "1.1.3"
        }
      },
      {
        "package": "ReactiveSwift",
        "repositoryURL": "https://github.com/ReactiveCocoa/ReactiveSwift.git",
        "state": {
          "branch": null,
          "revision": "4a8e1e4a683e96daf658f68132dae781738bc862",
          "version": "6.6.0"
        }
      }
    ]
  },
  "version": 1
}
