{
  "object": {
    "pins": [
      {
        "package": "OSLogger",
        "repositoryURL": "https://github.com/NPasini/OSLogger.git",
        "state": {
          "branch": null,
          "revision": "91f13811d90e6db4a3af3abf6d6c877f7d927da0",
          "version": "2.0.0"
        }
      },
      {
        "package": "ReactiveSwift",
        "repositoryURL": "https://github.com/ReactiveCocoa/ReactiveSwift.git",
        "state": {
          "branch": null,
          "revision": "4a8e1e4a683e96daf658f68132dae781738bc862",
          "version": "6.6.0"
        }
      }
    ]
  },
  "version": 1
}
